// !$*UTF8*$!
{
	archiveVersion = 1;
	classes = {
	};
	objectVersion = 56;
	objects = {

/* Begin PBXBuildFile section */
		9B99C8C02B834F050052FBC6 /* Observable.swift in Sources */ = {isa = PBXBuildFile; fileRef = 9B99C8BF2B834F050052FBC6 /* Observable.swift */; };
		9BF8E57F2B7CC2D500F38820 /* AppDelegate.swift in Sources */ = {isa = PBXBuildFile; fileRef = 9BF8E57E2B7CC2D500F38820 /* AppDelegate.swift */; };
		9BF8E5882B7CC2D600F38820 /* Assets.xcassets in Resources */ = {isa = PBXBuildFile; fileRef = 9BF8E5872B7CC2D600F38820 /* Assets.xcassets */; };
		9BF8E58B2B7CC2D600F38820 /* LaunchScreen.storyboard in Resources */ = {isa = PBXBuildFile; fileRef = 9BF8E5892B7CC2D600F38820 /* LaunchScreen.storyboard */; };
		9BF8E5962B7CC2D600F38820 /* MVVMPaternTests.swift in Sources */ = {isa = PBXBuildFile; fileRef = 9BF8E5952B7CC2D600F38820 /* MVVMPaternTests.swift */; };
		9BF8E5A02B7CC2D600F38820 /* MVVMPaternUITests.swift in Sources */ = {isa = PBXBuildFile; fileRef = 9BF8E59F2B7CC2D600F38820 /* MVVMPaternUITests.swift */; };
		9BF8E5A22B7CC2D600F38820 /* MVVMPaternUITestsLaunchTests.swift in Sources */ = {isa = PBXBuildFile; fileRef = 9BF8E5A12B7CC2D600F38820 /* MVVMPaternUITestsLaunchTests.swift */; };
		9BF8E5B12B7CCB0E00F38820 /* MainViewController.swift in Sources */ = {isa = PBXBuildFile; fileRef = 9BF8E5AF2B7CCB0E00F38820 /* MainViewController.swift */; };
		9BF8E5B22B7CCB0E00F38820 /* MainViewController.xib in Resources */ = {isa = PBXBuildFile; fileRef = 9BF8E5B02B7CCB0E00F38820 /* MainViewController.xib */; };
		9BF8E5BC2B7CF2B100F38820 /* MainViewController+TableView.swift in Sources */ = {isa = PBXBuildFile; fileRef = 9BF8E5BB2B7CF2B100F38820 /* MainViewController+TableView.swift */; };
		9BF8E5BE2B7F763500F38820 /* MainViewModel.swift in Sources */ = {isa = PBXBuildFile; fileRef = 9BF8E5BD2B7F763500F38820 /* MainViewModel.swift */; };
		9BF8E5C02B81F5DE00F38820 /* NetworkConstant.swift in Sources */ = {isa = PBXBuildFile; fileRef = 9BF8E5BF2B81F5DE00F38820 /* NetworkConstant.swift */; };
		9BF8E5C22B81F83200F38820 /* APICaller.swift in Sources */ = {isa = PBXBuildFile; fileRef = 9BF8E5C12B81F83200F38820 /* APICaller.swift */; };
		9BF8E5C42B81F88B00F38820 /* TrendingMoviesModel.swift in Sources */ = {isa = PBXBuildFile; fileRef = 9BF8E5C32B81F88B00F38820 /* TrendingMoviesModel.swift */; };
/* End PBXBuildFile section */

/* Begin PBXContainerItemProxy section */
		9BF8E5922B7CC2D600F38820 /* PBXContainerItemProxy */ = {
			isa = PBXContainerItemProxy;
			containerPortal = 9BF8E5732B7CC2D500F38820 /* Project object */;
			proxyType = 1;
			remoteGlobalIDString = 9BF8E57A2B7CC2D500F38820;
			remoteInfo = MVVMPatern;
		};
		9BF8E59C2B7CC2D600F38820 /* PBXContainerItemProxy */ = {
			isa = PBXContainerItemProxy;
			containerPortal = 9BF8E5732B7CC2D500F38820 /* Project object */;
			proxyType = 1;
			remoteGlobalIDString = 9BF8E57A2B7CC2D500F38820;
			remoteInfo = MVVMPatern;
		};
/* End PBXContainerItemProxy section */

/* Begin PBXFileReference section */
		9B99C8BF2B834F050052FBC6 /* Observable.swift */ = {isa = PBXFileReference; lastKnownFileType = sourcecode.swift; path = Observable.swift; sourceTree = "<group>"; };
		9BF8E57B2B7CC2D500F38820 /* MVVMPatern.app */ = {isa = PBXFileReference; explicitFileType = wrapper.application; includeInIndex = 0; path = MVVMPatern.app; sourceTree = BUILT_PRODUCTS_DIR; };
		9BF8E57E2B7CC2D500F38820 /* AppDelegate.swift */ = {isa = PBXFileReference; lastKnownFileType = sourcecode.swift; path = AppDelegate.swift; sourceTree = "<group>"; };
		9BF8E5872B7CC2D600F38820 /* Assets.xcassets */ = {isa = PBXFileReference; lastKnownFileType = folder.assetcatalog; path = Assets.xcassets; sourceTree = "<group>"; };
		9BF8E58A2B7CC2D600F38820 /* Base */ = {isa = PBXFileReference; lastKnownFileType = file.storyboard; name = Base; path = Base.lproj/LaunchScreen.storyboard; sourceTree = "<group>"; };
		9BF8E58C2B7CC2D600F38820 /* Info.plist */ = {isa = PBXFileReference; lastKnownFileType = text.plist.xml; path = Info.plist; sourceTree = "<group>"; };
		9BF8E5912B7CC2D600F38820 /* MVVMPaternTests.xctest */ = {isa = PBXFileReference; explicitFileType = wrapper.cfbundle; includeInIndex = 0; path = MVVMPaternTests.xctest; sourceTree = BUILT_PRODUCTS_DIR; };
		9BF8E5952B7CC2D600F38820 /* MVVMPaternTests.swift */ = {isa = PBXFileReference; lastKnownFileType = sourcecode.swift; path = MVVMPaternTests.swift; sourceTree = "<group>"; };
		9BF8E59B2B7CC2D600F38820 /* MVVMPaternUITests.xctest */ = {isa = PBXFileReference; explicitFileType = wrapper.cfbundle; includeInIndex = 0; path = MVVMPaternUITests.xctest; sourceTree = BUILT_PRODUCTS_DIR; };
		9BF8E59F2B7CC2D600F38820 /* MVVMPaternUITests.swift */ = {isa = PBXFileReference; lastKnownFileType = sourcecode.swift; path = MVVMPaternUITests.swift; sourceTree = "<group>"; };
		9BF8E5A12B7CC2D600F38820 /* MVVMPaternUITestsLaunchTests.swift */ = {isa = PBXFileReference; lastKnownFileType = sourcecode.swift; path = MVVMPaternUITestsLaunchTests.swift; sourceTree = "<group>"; };
		9BF8E5AF2B7CCB0E00F38820 /* MainViewController.swift */ = {isa = PBXFileReference; lastKnownFileType = sourcecode.swift; path = MainViewController.swift; sourceTree = "<group>"; };
		9BF8E5B02B7CCB0E00F38820 /* MainViewController.xib */ = {isa = PBXFileReference; lastKnownFileType = file.xib; path = MainViewController.xib; sourceTree = "<group>"; };
		9BF8E5BB2B7CF2B100F38820 /* MainViewController+TableView.swift */ = {isa = PBXFileReference; lastKnownFileType = sourcecode.swift; path = "MainViewController+TableView.swift"; sourceTree = "<group>"; };
		9BF8E5BD2B7F763500F38820 /* MainViewModel.swift */ = {isa = PBXFileReference; lastKnownFileType = sourcecode.swift; path = MainViewModel.swift; sourceTree = "<group>"; };
		9BF8E5BF2B81F5DE00F38820 /* NetworkConstant.swift */ = {isa = PBXFileReference; lastKnownFileType = sourcecode.swift; path = NetworkConstant.swift; sourceTree = "<group>"; };
		9BF8E5C12B81F83200F38820 /* APICaller.swift */ = {isa = PBXFileReference; lastKnownFileType = sourcecode.swift; path = APICaller.swift; sourceTree = "<group>"; };
		9BF8E5C32B81F88B00F38820 /* TrendingMoviesModel.swift */ = {isa = PBXFileReference; lastKnownFileType = sourcecode.swift; path = TrendingMoviesModel.swift; sourceTree = "<group>"; };
/* End PBXFileReference section */

/* Begin PBXFrameworksBuildPhase section */
		9BF8E5782B7CC2D500F38820 /* Frameworks */ = {
			isa = PBXFrameworksBuildPhase;
			buildActionMask = 2147483647;
			files = (
			);
			runOnlyForDeploymentPostprocessing = 0;
		};
		9BF8E58E2B7CC2D600F38820 /* Frameworks */ = {
			isa = PBXFrameworksBuildPhase;
			buildActionMask = 2147483647;
			files = (
			);
			runOnlyForDeploymentPostprocessing = 0;
		};
		9BF8E5982B7CC2D600F38820 /* Frameworks */ = {
			isa = PBXFrameworksBuildPhase;
			buildActionMask = 2147483647;
			files = (
			);
			runOnlyForDeploymentPostprocessing = 0;
		};
/* End PBXFrameworksBuildPhase section */

/* Begin PBXGroup section */
		9BF8E5722B7CC2D500F38820 = {
			isa = PBXGroup;
			children = (
				9BF8E57D2B7CC2D500F38820 /* MVVMPatern */,
				9BF8E5942B7CC2D600F38820 /* MVVMPaternTests */,
				9BF8E59E2B7CC2D600F38820 /* MVVMPaternUITests */,
				9BF8E57C2B7CC2D500F38820 /* Products */,
			);
			sourceTree = "<group>";
		};
		9BF8E57C2B7CC2D500F38820 /* Products */ = {
			isa = PBXGroup;
			children = (
				9BF8E57B2B7CC2D500F38820 /* MVVMPatern.app */,
				9BF8E5912B7CC2D600F38820 /* MVVMPaternTests.xctest */,
				9BF8E59B2B7CC2D600F38820 /* MVVMPaternUITests.xctest */,
			);
			name = Products;
			sourceTree = "<group>";
		};
		9BF8E57D2B7CC2D500F38820 /* MVVMPatern */ = {
			isa = PBXGroup;
			children = (
				9BF8E5BA2B7CD3AB00F38820 /* Networking */,
				9BF8E5B92B7CD3A200F38820 /* Extensions */,
				9BF8E5B82B7CCE5700F38820 /* Resources */,
				9BF8E5B72B7CCE2600F38820 /* Classes */,
				9BF8E5B62B7CCE1C00F38820 /* Model */,
				9BF8E5B52B7CCE1300F38820 /* Controllers */,
				9BF8E5B42B7CCE0B00F38820 /* ViewModel */,
				9BF8E5B32B7CCDFB00F38820 /* View */,
				9BF8E57E2B7CC2D500F38820 /* AppDelegate.swift */,
				9BF8E58C2B7CC2D600F38820 /* Info.plist */,
			);
			path = MVVMPatern;
			sourceTree = "<group>";
		};
		9BF8E5942B7CC2D600F38820 /* MVVMPaternTests */ = {
			isa = PBXGroup;
			children = (
				9BF8E5952B7CC2D600F38820 /* MVVMPaternTests.swift */,
			);
			path = MVVMPaternTests;
			sourceTree = "<group>";
		};
		9BF8E59E2B7CC2D600F38820 /* MVVMPaternUITests */ = {
			isa = PBXGroup;
			children = (
				9BF8E59F2B7CC2D600F38820 /* MVVMPaternUITests.swift */,
				9BF8E5A12B7CC2D600F38820 /* MVVMPaternUITestsLaunchTests.swift */,
			);
			path = MVVMPaternUITests;
			sourceTree = "<group>";
		};
		9BF8E5AE2B7CCAF200F38820 /* MainViewControler */ = {
			isa = PBXGroup;
			children = (
				9BF8E5AF2B7CCB0E00F38820 /* MainViewController.swift */,
				9BF8E5B02B7CCB0E00F38820 /* MainViewController.xib */,
				9BF8E5BB2B7CF2B100F38820 /* MainViewController+TableView.swift */,
			);
			path = MainViewControler;
			sourceTree = "<group>";
		};
		9BF8E5B32B7CCDFB00F38820 /* View */ = {
			isa = PBXGroup;
			children = (
				9BF8E5892B7CC2D600F38820 /* LaunchScreen.storyboard */,
			);
			path = View;
			sourceTree = "<group>";
		};
		9BF8E5B42B7CCE0B00F38820 /* ViewModel */ = {
			isa = PBXGroup;
			children = (
				9BF8E5BD2B7F763500F38820 /* MainViewModel.swift */,
			);
			path = ViewModel;
			sourceTree = "<group>";
		};
		9BF8E5B52B7CCE1300F38820 /* Controllers */ = {
			isa = PBXGroup;
			children = (
				9BF8E5AE2B7CCAF200F38820 /* MainViewControler */,
			);
			path = Controllers;
			sourceTree = "<group>";
		};
		9BF8E5B62B7CCE1C00F38820 /* Model */ = {
			isa = PBXGroup;
			children = (
				9BF8E5C32B81F88B00F38820 /* TrendingMoviesModel.swift */,
			);
			path = Model;
			sourceTree = "<group>";
		};
		9BF8E5B72B7CCE2600F38820 /* Classes */ = {
			isa = PBXGroup;
			children = (
				9B99C8BF2B834F050052FBC6 /* Observable.swift */,
			);
			path = Classes;
			sourceTree = "<group>";
		};
		9BF8E5B82B7CCE5700F38820 /* Resources */ = {
			isa = PBXGroup;
			children = (
				9BF8E5872B7CC2D600F38820 /* Assets.xcassets */,
			);
			path = Resources;
			sourceTree = "<group>";
		};
		9BF8E5B92B7CD3A200F38820 /* Extensions */ = {
			isa = PBXGroup;
			children = (
			);
			path = Extensions;
			sourceTree = "<group>";
		};
		9BF8E5BA2B7CD3AB00F38820 /* Networking */ = {
			isa = PBXGroup;
			children = (
				9BF8E5BF2B81F5DE00F38820 /* NetworkConstant.swift */,
				9BF8E5C12B81F83200F38820 /* APICaller.swift */,
			);
			path = Networking;
			sourceTree = "<group>";
		};
/* End PBXGroup section */

/* Begin PBXNativeTarget section */
		9BF8E57A2B7CC2D500F38820 /* MVVMPatern */ = {
			isa = PBXNativeTarget;
			buildConfigurationList = 9BF8E5A52B7CC2D600F38820 /* Build configuration list for PBXNativeTarget "MVVMPatern" */;
			buildPhases = (
				9BF8E5772B7CC2D500F38820 /* Sources */,
				9BF8E5782B7CC2D500F38820 /* Frameworks */,
				9BF8E5792B7CC2D500F38820 /* Resources */,
			);
			buildRules = (
			);
			dependencies = (
			);
			name = MVVMPatern;
			productName = MVVMPatern;
			productReference = 9BF8E57B2B7CC2D500F38820 /* MVVMPatern.app */;
			productType = "com.apple.product-type.application";
		};
		9BF8E5902B7CC2D600F38820 /* MVVMPaternTests */ = {
			isa = PBXNativeTarget;
			buildConfigurationList = 9BF8E5A82B7CC2D600F38820 /* Build configuration list for PBXNativeTarget "MVVMPaternTests" */;
			buildPhases = (
				9BF8E58D2B7CC2D600F38820 /* Sources */,
				9BF8E58E2B7CC2D600F38820 /* Frameworks */,
				9BF8E58F2B7CC2D600F38820 /* Resources */,
			);
			buildRules = (
			);
			dependencies = (
				9BF8E5932B7CC2D600F38820 /* PBXTargetDependency */,
			);
			name = MVVMPaternTests;
			productName = MVVMPaternTests;
			productReference = 9BF8E5912B7CC2D600F38820 /* MVVMPaternTests.xctest */;
			productType = "com.apple.product-type.bundle.unit-test";
		};
		9BF8E59A2B7CC2D600F38820 /* MVVMPaternUITests */ = {
			isa = PBXNativeTarget;
			buildConfigurationList = 9BF8E5AB2B7CC2D600F38820 /* Build configuration list for PBXNativeTarget "MVVMPaternUITests" */;
			buildPhases = (
				9BF8E5972B7CC2D600F38820 /* Sources */,
				9BF8E5982B7CC2D600F38820 /* Frameworks */,
				9BF8E5992B7CC2D600F38820 /* Resources */,
			);
			buildRules = (
			);
			dependencies = (
				9BF8E59D2B7CC2D600F38820 /* PBXTargetDependency */,
			);
			name = MVVMPaternUITests;
			productName = MVVMPaternUITests;
			productReference = 9BF8E59B2B7CC2D600F38820 /* MVVMPaternUITests.xctest */;
			productType = "com.apple.product-type.bundle.ui-testing";
		};
/* End PBXNativeTarget section */

/* Begin PBXProject section */
		9BF8E5732B7CC2D500F38820 /* Project object */ = {
			isa = PBXProject;
			attributes = {
				BuildIndependentTargetsInParallel = 1;
				LastSwiftUpdateCheck = 1520;
				LastUpgradeCheck = 1520;
				TargetAttributes = {
					9BF8E57A2B7CC2D500F38820 = {
						CreatedOnToolsVersion = 15.2;
					};
					9BF8E5902B7CC2D600F38820 = {
						CreatedOnToolsVersion = 15.2;
						TestTargetID = 9BF8E57A2B7CC2D500F38820;
					};
					9BF8E59A2B7CC2D600F38820 = {
						CreatedOnToolsVersion = 15.2;
						TestTargetID = 9BF8E57A2B7CC2D500F38820;
					};
				};
			};
			buildConfigurationList = 9BF8E5762B7CC2D500F38820 /* Build configuration list for PBXProject "MVVMPatern" */;
			compatibilityVersion = "Xcode 14.0";
			developmentRegion = en;
			hasScannedForEncodings = 0;
			knownRegions = (
				en,
				Base,
			);
			mainGroup = 9BF8E5722B7CC2D500F38820;
			productRefGroup = 9BF8E57C2B7CC2D500F38820 /* Products */;
			projectDirPath = "";
			projectRoot = "";
			targets = (
				9BF8E57A2B7CC2D500F38820 /* MVVMPatern */,
				9BF8E5902B7CC2D600F38820 /* MVVMPaternTests */,
				9BF8E59A2B7CC2D600F38820 /* MVVMPaternUITests */,
			);
		};
/* End PBXProject section */

/* Begin PBXResourcesBuildPhase section */
		9BF8E5792B7CC2D500F38820 /* Resources */ = {
			isa = PBXResourcesBuildPhase;
			buildActionMask = 2147483647;
			files = (
				9BF8E58B2B7CC2D600F38820 /* LaunchScreen.storyboard in Resources */,
				9BF8E5B22B7CCB0E00F38820 /* MainViewController.xib in Resources */,
				9BF8E5882B7CC2D600F38820 /* Assets.xcassets in Resources */,
			);
			runOnlyForDeploymentPostprocessing = 0;
		};
		9BF8E58F2B7CC2D600F38820 /* Resources */ = {
			isa = PBXResourcesBuildPhase;
			buildActionMask = 2147483647;
			files = (
			);
			runOnlyForDeploymentPostprocessing = 0;
		};
		9BF8E5992B7CC2D600F38820 /* Resources */ = {
			isa = PBXResourcesBuildPhase;
			buildActionMask = 2147483647;
			files = (
			);
			runOnlyForDeploymentPostprocessing = 0;
		};
/* End PBXResourcesBuildPhase section */

/* Begin PBXSourcesBuildPhase section */
		9BF8E5772B7CC2D500F38820 /* Sources */ = {
			isa = PBXSourcesBuildPhase;
			buildActionMask = 2147483647;
			files = (
				9B99C8C02B834F050052FBC6 /* Observable.swift in Sources */,
				9BF8E57F2B7CC2D500F38820 /* AppDelegate.swift in Sources */,
				9BF8E5C22B81F83200F38820 /* APICaller.swift in Sources */,
				9BF8E5BC2B7CF2B100F38820 /* MainViewController+TableView.swift in Sources */,
				9BF8E5B12B7CCB0E00F38820 /* MainViewController.swift in Sources */,
				9BF8E5C02B81F5DE00F38820 /* NetworkConstant.swift in Sources */,
				9BF8E5BE2B7F763500F38820 /* MainViewModel.swift in Sources */,
				9BF8E5C42B81F88B00F38820 /* TrendingMoviesModel.swift in Sources */,
			);
			runOnlyForDeploymentPostprocessing = 0;
		};
		9BF8E58D2B7CC2D600F38820 /* Sources */ = {
			isa = PBXSourcesBuildPhase;
			buildActionMask = 2147483647;
			files = (
				9BF8E5962B7CC2D600F38820 /* MVVMPaternTests.swift in Sources */,
			);
			runOnlyForDeploymentPostprocessing = 0;
		};
		9BF8E5972B7CC2D600F38820 /* Sources */ = {
			isa = PBXSourcesBuildPhase;
			buildActionMask = 2147483647;
			files = (
				9BF8E5A22B7CC2D600F38820 /* MVVMPaternUITestsLaunchTests.swift in Sources */,
				9BF8E5A02B7CC2D600F38820 /* MVVMPaternUITests.swift in Sources */,
			);
			runOnlyForDeploymentPostprocessing = 0;
		};
/* End PBXSourcesBuildPhase section */

/* Begin PBXTargetDependency section */
		9BF8E5932B7CC2D600F38820 /* PBXTargetDependency */ = {
			isa = PBXTargetDependency;
			target = 9BF8E57A2B7CC2D500F38820 /* MVVMPatern */;
			targetProxy = 9BF8E5922B7CC2D600F38820 /* PBXContainerItemProxy */;
		};
		9BF8E59D2B7CC2D600F38820 /* PBXTargetDependency */ = {
			isa = PBXTargetDependency;
			target = 9BF8E57A2B7CC2D500F38820 /* MVVMPatern */;
			targetProxy = 9BF8E59C2B7CC2D600F38820 /* PBXContainerItemProxy */;
		};
/* End PBXTargetDependency section */

/* Begin PBXVariantGroup section */
		9BF8E5892B7CC2D600F38820 /* LaunchScreen.storyboard */ = {
			isa = PBXVariantGroup;
			children = (
				9BF8E58A2B7CC2D600F38820 /* Base */,
			);
			name = LaunchScreen.storyboard;
			sourceTree = "<group>";
		};
/* End PBXVariantGroup section */

/* Begin XCBuildConfiguration section */
		9BF8E5A32B7CC2D600F38820 /* Debug */ = {
			isa = XCBuildConfiguration;
			buildSettings = {
				ALWAYS_SEARCH_USER_PATHS = NO;
				ASSETCATALOG_COMPILER_GENERATE_SWIFT_ASSET_SYMBOL_EXTENSIONS = YES;
				CLANG_ANALYZER_NONNULL = YES;
				CLANG_ANALYZER_NUMBER_OBJECT_CONVERSION = YES_AGGRESSIVE;
				CLANG_CXX_LANGUAGE_STANDARD = "gnu++20";
				CLANG_ENABLE_MODULES = YES;
				CLANG_ENABLE_OBJC_ARC = YES;
				CLANG_ENABLE_OBJC_WEAK = YES;
				CLANG_WARN_BLOCK_CAPTURE_AUTORELEASING = YES;
				CLANG_WARN_BOOL_CONVERSION = YES;
				CLANG_WARN_COMMA = YES;
				CLANG_WARN_CONSTANT_CONVERSION = YES;
				CLANG_WARN_DEPRECATED_OBJC_IMPLEMENTATIONS = YES;
				CLANG_WARN_DIRECT_OBJC_ISA_USAGE = YES_ERROR;
				CLANG_WARN_DOCUMENTATION_COMMENTS = YES;
				CLANG_WARN_EMPTY_BODY = YES;
				CLANG_WARN_ENUM_CONVERSION = YES;
				CLANG_WARN_INFINITE_RECURSION = YES;
				CLANG_WARN_INT_CONVERSION = YES;
				CLANG_WARN_NON_LITERAL_NULL_CONVERSION = YES;
				CLANG_WARN_OBJC_IMPLICIT_RETAIN_SELF = YES;
				CLANG_WARN_OBJC_LITERAL_CONVERSION = YES;
				CLANG_WARN_OBJC_ROOT_CLASS = YES_ERROR;
				CLANG_WARN_QUOTED_INCLUDE_IN_FRAMEWORK_HEADER = YES;
				CLANG_WARN_RANGE_LOOP_ANALYSIS = YES;
				CLANG_WARN_STRICT_PROTOTYPES = YES;
				CLANG_WARN_SUSPICIOUS_MOVE = YES;
				CLANG_WARN_UNGUARDED_AVAILABILITY = YES_AGGRESSIVE;
				CLANG_WARN_UNREACHABLE_CODE = YES;
				CLANG_WARN__DUPLICATE_METHOD_MATCH = YES;
				COPY_PHASE_STRIP = NO;
				DEBUG_INFORMATION_FORMAT = dwarf;
				ENABLE_STRICT_OBJC_MSGSEND = YES;
				ENABLE_TESTABILITY = YES;
				ENABLE_USER_SCRIPT_SANDBOXING = YES;
				GCC_C_LANGUAGE_STANDARD = gnu17;
				GCC_DYNAMIC_NO_PIC = NO;
				GCC_NO_COMMON_BLOCKS = YES;
				GCC_OPTIMIZATION_LEVEL = 0;
				GCC_PREPROCESSOR_DEFINITIONS = (
					"DEBUG=1",
					"$(inherited)",
				);
				GCC_WARN_64_TO_32_BIT_CONVERSION = YES;
				GCC_WARN_ABOUT_RETURN_TYPE = YES_ERROR;
				GCC_WARN_UNDECLARED_SELECTOR = YES;
				GCC_WARN_UNINITIALIZED_AUTOS = YES_AGGRESSIVE;
				GCC_WARN_UNUSED_FUNCTION = YES;
				GCC_WARN_UNUSED_VARIABLE = YES;
				IPHONEOS_DEPLOYMENT_TARGET = 17.2;
				LOCALIZATION_PREFERS_STRING_CATALOGS = YES;
				MTL_ENABLE_DEBUG_INFO = INCLUDE_SOURCE;
				MTL_FAST_MATH = YES;
				ONLY_ACTIVE_ARCH = YES;
				SDKROOT = iphoneos;
				SWIFT_ACTIVE_COMPILATION_CONDITIONS = "DEBUG $(inherited)";
				SWIFT_OPTIMIZATION_LEVEL = "-Onone";
			};
			name = Debug;
		};
		9BF8E5A42B7CC2D600F38820 /* Release */ = {
			isa = XCBuildConfiguration;
			buildSettings = {
				ALWAYS_SEARCH_USER_PATHS = NO;
				ASSETCATALOG_COMPILER_GENERATE_SWIFT_ASSET_SYMBOL_EXTENSIONS = YES;
				CLANG_ANALYZER_NONNULL = YES;
				CLANG_ANALYZER_NUMBER_OBJECT_CONVERSION = YES_AGGRESSIVE;
				CLANG_CXX_LANGUAGE_STANDARD = "gnu++20";
				CLANG_ENABLE_MODULES = YES;
				CLANG_ENABLE_OBJC_ARC = YES;
				CLANG_ENABLE_OBJC_WEAK = YES;
				CLANG_WARN_BLOCK_CAPTURE_AUTORELEASING = YES;
				CLANG_WARN_BOOL_CONVERSION = YES;
				CLANG_WARN_COMMA = YES;
				CLANG_WARN_CONSTANT_CONVERSION = YES;
				CLANG_WARN_DEPRECATED_OBJC_IMPLEMENTATIONS = YES;
				CLANG_WARN_DIRECT_OBJC_ISA_USAGE = YES_ERROR;
				CLANG_WARN_DOCUMENTATION_COMMENTS = YES;
				CLANG_WARN_EMPTY_BODY = YES;
				CLANG_WARN_ENUM_CONVERSION = YES;
				CLANG_WARN_INFINITE_RECURSION = YES;
				CLANG_WARN_INT_CONVERSION = YES;
				CLANG_WARN_NON_LITERAL_NULL_CONVERSION = YES;
				CLANG_WARN_OBJC_IMPLICIT_RETAIN_SELF = YES;
				CLANG_WARN_OBJC_LITERAL_CONVERSION = YES;
				CLANG_WARN_OBJC_ROOT_CLASS = YES_ERROR;
				CLANG_WARN_QUOTED_INCLUDE_IN_FRAMEWORK_HEADER = YES;
				CLANG_WARN_RANGE_LOOP_ANALYSIS = YES;
				CLANG_WARN_STRICT_PROTOTYPES = YES;
				CLANG_WARN_SUSPICIOUS_MOVE = YES;
				CLANG_WARN_UNGUARDED_AVAILABILITY = YES_AGGRESSIVE;
				CLANG_WARN_UNREACHABLE_CODE = YES;
				CLANG_WARN__DUPLICATE_METHOD_MATCH = YES;
				COPY_PHASE_STRIP = NO;
				DEBUG_INFORMATION_FORMAT = "dwarf-with-dsym";
				ENABLE_NS_ASSERTIONS = NO;
				ENABLE_STRICT_OBJC_MSGSEND = YES;
				ENABLE_USER_SCRIPT_SANDBOXING = YES;
				GCC_C_LANGUAGE_STANDARD = gnu17;
				GCC_NO_COMMON_BLOCKS = YES;
				GCC_WARN_64_TO_32_BIT_CONVERSION = YES;
				GCC_WARN_ABOUT_RETURN_TYPE = YES_ERROR;
				GCC_WARN_UNDECLARED_SELECTOR = YES;
				GCC_WARN_UNINITIALIZED_AUTOS = YES_AGGRESSIVE;
				GCC_WARN_UNUSED_FUNCTION = YES;
				GCC_WARN_UNUSED_VARIABLE = YES;
				IPHONEOS_DEPLOYMENT_TARGET = 17.2;
				LOCALIZATION_PREFERS_STRING_CATALOGS = YES;
				MTL_ENABLE_DEBUG_INFO = NO;
				MTL_FAST_MATH = YES;
				SDKROOT = iphoneos;
				SWIFT_COMPILATION_MODE = wholemodule;
				VALIDATE_PRODUCT = YES;
			};
			name = Release;
		};
		9BF8E5A62B7CC2D600F38820 /* Debug */ = {
			isa = XCBuildConfiguration;
			buildSettings = {
				ASSETCATALOG_COMPILER_APPICON_NAME = AppIcon;
				ASSETCATALOG_COMPILER_GLOBAL_ACCENT_COLOR_NAME = AccentColor;
				CODE_SIGN_STYLE = Automatic;
				CURRENT_PROJECT_VERSION = 1;
				DEVELOPMENT_TEAM = 255G24QWZ2;
				GENERATE_INFOPLIST_FILE = YES;
				INFOPLIST_FILE = MVVMPatern/Info.plist;
				INFOPLIST_KEY_UIApplicationSupportsIndirectInputEvents = YES;
				INFOPLIST_KEY_UILaunchStoryboardName = LaunchScreen;
				INFOPLIST_KEY_UIMainStoryboardFile = "";
				INFOPLIST_KEY_UISupportedInterfaceOrientations = "UIInterfaceOrientationLandscapeLeft UIInterfaceOrientationLandscapeRight UIInterfaceOrientationPortrait";
				INFOPLIST_KEY_UISupportedInterfaceOrientations_iPad = "UIInterfaceOrientationLandscapeLeft UIInterfaceOrientationLandscapeRight UIInterfaceOrientationPortrait UIInterfaceOrientationPortraitUpsideDown";
				IPHONEOS_DEPLOYMENT_TARGET = 17.2;
				LD_RUNPATH_SEARCH_PATHS = (
					"$(inherited)",
					"@executable_path/Frameworks",
				);
				MARKETING_VERSION = 1.0;
				PRODUCT_BUNDLE_IDENTIFIER = ruslanlyulka.MVVMPatern;
				PRODUCT_NAME = "$(TARGET_NAME)";
				SWIFT_EMIT_LOC_STRINGS = YES;
				SWIFT_VERSION = 5.0;
				TARGETED_DEVICE_FAMILY = "1,2";
			};
			name = Debug;
		};
		9BF8E5A72B7CC2D600F38820 /* Release */ = {
			isa = XCBuildConfiguration;
			buildSettings = {
				ASSETCATALOG_COMPILER_APPICON_NAME = AppIcon;
				ASSETCATALOG_COMPILER_GLOBAL_ACCENT_COLOR_NAME = AccentColor;
				CODE_SIGN_STYLE = Automatic;
				CURRENT_PROJECT_VERSION = 1;
				DEVELOPMENT_TEAM = 255G24QWZ2;
				GENERATE_INFOPLIST_FILE = YES;
				INFOPLIST_FILE = MVVMPatern/Info.plist;
				INFOPLIST_KEY_UIApplicationSupportsIndirectInputEvents = YES;
				INFOPLIST_KEY_UILaunchStoryboardName = LaunchScreen;
				INFOPLIST_KEY_UIMainStoryboardFile = "";
				INFOPLIST_KEY_UISupportedInterfaceOrientations = "UIInterfaceOrientationLandscapeLeft UIInterfaceOrientationLandscapeRight UIInterfaceOrientationPortrait";
				INFOPLIST_KEY_UISupportedInterfaceOrientations_iPad = "UIInterfaceOrientationLandscapeLeft UIInterfaceOrientationLandscapeRight UIInterfaceOrientationPortrait UIInterfaceOrientationPortraitUpsideDown";
				IPHONEOS_DEPLOYMENT_TARGET = 17.2;
				LD_RUNPATH_SEARCH_PATHS = (
					"$(inherited)",
					"@executable_path/Frameworks",
				);
				MARKETING_VERSION = 1.0;
				PRODUCT_BUNDLE_IDENTIFIER = ruslanlyulka.MVVMPatern;
				PRODUCT_NAME = "$(TARGET_NAME)";
				SWIFT_EMIT_LOC_STRINGS = YES;
				SWIFT_VERSION = 5.0;
				TARGETED_DEVICE_FAMILY = "1,2";
			};
			name = Release;
		};
		9BF8E5A92B7CC2D600F38820 /* Debug */ = {
			isa = XCBuildConfiguration;
			buildSettings = {
				ALWAYS_EMBED_SWIFT_STANDARD_LIBRARIES = YES;
				BUNDLE_LOADER = "$(TEST_HOST)";
				CODE_SIGN_STYLE = Automatic;
				CURRENT_PROJECT_VERSION = 1;
				DEVELOPMENT_TEAM = 255G24QWZ2;
				GENERATE_INFOPLIST_FILE = YES;
				IPHONEOS_DEPLOYMENT_TARGET = 17.2;
				MARKETING_VERSION = 1.0;
				PRODUCT_BUNDLE_IDENTIFIER = ruslanlyulka.MVVMPaternTests;
				PRODUCT_NAME = "$(TARGET_NAME)";
				SWIFT_EMIT_LOC_STRINGS = NO;
				SWIFT_VERSION = 5.0;
				TARGETED_DEVICE_FAMILY = "1,2";
				TEST_HOST = "$(BUILT_PRODUCTS_DIR)/MVVMPatern.app/$(BUNDLE_EXECUTABLE_FOLDER_PATH)/MVVMPatern";
			};
			name = Debug;
		};
		9BF8E5AA2B7CC2D600F38820 /* Release */ = {
			isa = XCBuildConfiguration;
			buildSettings = {
				ALWAYS_EMBED_SWIFT_STANDARD_LIBRARIES = YES;
				BUNDLE_LOADER = "$(TEST_HOST)";
				CODE_SIGN_STYLE = Automatic;
				CURRENT_PROJECT_VERSION = 1;
				DEVELOPMENT_TEAM = 255G24QWZ2;
				GENERATE_INFOPLIST_FILE = YES;
				IPHONEOS_DEPLOYMENT_TARGET = 17.2;
				MARKETING_VERSION = 1.0;
				PRODUCT_BUNDLE_IDENTIFIER = ruslanlyulka.MVVMPaternTests;
				PRODUCT_NAME = "$(TARGET_NAME)";
				SWIFT_EMIT_LOC_STRINGS = NO;
				SWIFT_VERSION = 5.0;
				TARGETED_DEVICE_FAMILY = "1,2";
				TEST_HOST = "$(BUILT_PRODUCTS_DIR)/MVVMPatern.app/$(BUNDLE_EXECUTABLE_FOLDER_PATH)/MVVMPatern";
			};
			name = Release;
		};
		9BF8E5AC2B7CC2D600F38820 /* Debug */ = {
			isa = XCBuildConfiguration;
			buildSettings = {
				ALWAYS_EMBED_SWIFT_STANDARD_LIBRARIES = YES;
				CODE_SIGN_STYLE = Automatic;
				CURRENT_PROJECT_VERSION = 1;
				DEVELOPMENT_TEAM = 255G24QWZ2;
				GENERATE_INFOPLIST_FILE = YES;
				MARKETING_VERSION = 1.0;
				PRODUCT_BUNDLE_IDENTIFIER = ruslanlyulka.MVVMPaternUITests;
				PRODUCT_NAME = "$(TARGET_NAME)";
				SWIFT_EMIT_LOC_STRINGS = NO;
				SWIFT_VERSION = 5.0;
				TARGETED_DEVICE_FAMILY = "1,2";
				TEST_TARGET_NAME = MVVMPatern;
			};
			name = Debug;
		};
		9BF8E5AD2B7CC2D600F38820 /* Release */ = {
			isa = XCBuildConfiguration;
			buildSettings = {
				ALWAYS_EMBED_SWIFT_STANDARD_LIBRARIES = YES;
				CODE_SIGN_STYLE = Automatic;
				CURRENT_PROJECT_VERSION = 1;
				DEVELOPMENT_TEAM = 255G24QWZ2;
				GENERATE_INFOPLIST_FILE = YES;
				MARKETING_VERSION = 1.0;
				PRODUCT_BUNDLE_IDENTIFIER = ruslanlyulka.MVVMPaternUITests;
				PRODUCT_NAME = "$(TARGET_NAME)";
				SWIFT_EMIT_LOC_STRINGS = NO;
				SWIFT_VERSION = 5.0;
				TARGETED_DEVICE_FAMILY = "1,2";
				TEST_TARGET_NAME = MVVMPatern;
			};
			name = Release;
		};
/* End XCBuildConfiguration section */

/* Begin XCConfigurationList section */
		9BF8E5762B7CC2D500F38820 /* Build configuration list for PBXProject "MVVMPatern" */ = {
			isa = XCConfigurationList;
			buildConfigurations = (
				9BF8E5A32B7CC2D600F38820 /* Debug */,
				9BF8E5A42B7CC2D600F38820 /* Release */,
			);
			defaultConfigurationIsVisible = 0;
			defaultConfigurationName = Release;
		};
		9BF8E5A52B7CC2D600F38820 /* Build configuration list for PBXNativeTarget "MVVMPatern" */ = {
			isa = XCConfigurationList;
			buildConfigurations = (
				9BF8E5A62B7CC2D600F38820 /* Debug */,
				9BF8E5A72B7CC2D600F38820 /* Release */,
			);
			defaultConfigurationIsVisible = 0;
			defaultConfigurationName = Release;
		};
		9BF8E5A82B7CC2D600F38820 /* Build configuration list for PBXNativeTarget "MVVMPaternTests" */ = {
			isa = XCConfigurationList;
			buildConfigurations = (
				9BF8E5A92B7CC2D600F38820 /* Debug */,
				9BF8E5AA2B7CC2D600F38820 /* Release */,
			);
			defaultConfigurationIsVisible = 0;
			defaultConfigurationName = Release;
		};
		9BF8E5AB2B7CC2D600F38820 /* Build configuration list for PBXNativeTarget "MVVMPaternUITests" */ = {
			isa = XCConfigurationList;
			buildConfigurations = (
				9BF8E5AC2B7CC2D600F38820 /* Debug */,
				9BF8E5AD2B7CC2D600F38820 /* Release */,
			);
			defaultConfigurationIsVisible = 0;
			defaultConfigurationName = Release;
		};
/* End XCConfigurationList section */
	};
	rootObject = 9BF8E5732B7CC2D500F38820 /* Project object */;
}
